
Microsoft Visual Studio Solution File, Format Version 12.00
Project("{FAE04EC0-301F-11D3-BF4B-00C04F79EFBC}") = "WebApi", "WebApi\WebApi.csproj", "{4E51BDDC-12D1-42AD-B0C4-335900625EB4}"
EndProject
Project("{FAE04EC0-301F-11D3-BF4B-00C04F79EFBC}") = "BlazorApp.Auth0", "BlazorApp.Auth0\BlazorApp.Auth0.csproj", "{D65DB13C-D77F-4550-956C-DCE8B8113F21}"
EndProject
Global
	GlobalSection(SolutionConfigurationPlatforms) = preSolution
		Debug|Any CPU = Debug|Any CPU
		Release|Any CPU = Release|Any CPU
	EndGlobalSection
	GlobalSection(ProjectConfigurationPlatforms) = postSolution
		{4E51BDDC-12D1-42AD-B0C4-335900625EB4}.Debug|Any CPU.ActiveCfg = Debug|Any CPU
		{4E51BDDC-12D1-42AD-B0C4-335900625EB4}.Debug|Any CPU.Build.0 = Debug|Any CPU
		{4E51BDDC-12D1-42AD-B0C4-335900625EB4}.Release|Any CPU.ActiveCfg = Release|Any CPU
		{4E51BDDC-12D1-42AD-B0C4-335900625EB4}.Release|Any CPU.Build.0 = Release|Any CPU
		{D65DB13C-D77F-4550-956C-DCE8B8113F21}.Debug|Any CPU.ActiveCfg = Debug|Any CPU
		{D65DB13C-D77F-4550-956C-DCE8B8113F21}.Debug|Any CPU.Build.0 = Debug|Any CPU
		{D65DB13C-D77F-4550-956C-DCE8B8113F21}.Release|Any CPU.ActiveCfg = Release|Any CPU
		{D65DB13C-D77F-4550-956C-DCE8B8113F21}.Release|Any CPU.Build.0 = Release|Any CPU
	EndGlobalSection
EndGlobal
